
Microsoft Visual Studio Solution File, Format Version 12.00
# Visual Studio Version 16
VisualStudioVersion = 16.0.31410.357
MinimumVisualStudioVersion = 10.0.40219.1
Project("{888888A0-9F3D-457C-B088-3A5042F75D52}") = "Pythonlist2", "Pythonlist2.pyproj", "{A2ADE9F4-F7E2-4021-892E-FCF156DE4A3E}"
EndProject
Global
	GlobalSection(SolutionConfigurationPlatforms) = preSolution
		Debug|Any CPU = Debug|Any CPU
		Release|Any CPU = Release|Any CPU
	EndGlobalSection
	GlobalSection(ProjectConfigurationPlatforms) = postSolution
		{A2ADE9F4-F7E2-4021-892E-FCF156DE4A3E}.Debug|Any CPU.ActiveCfg = Debug|Any CPU
		{A2ADE9F4-F7E2-4021-892E-FCF156DE4A3E}.Release|Any CPU.ActiveCfg = Release|Any CPU
	EndGlobalSection
	GlobalSection(SolutionProperties) = preSolution
		HideSolutionNode = FALSE
	EndGlobalSection
	GlobalSection(ExtensibilityGlobals) = postSolution
		SolutionGuid = {CB61A905-B776-4EE2-B586-1B61930101D5}
	EndGlobalSection
EndGlobal
